
Microsoft Visual Studio Solution File, Format Version 12.00
# Visual Studio Version 17
VisualStudioVersion = 17.9.34728.123
MinimumVisualStudioVersion = 10.0.40219.1
Project("{FAE04EC0-301F-11D3-BF4B-00C04F79EFBC}") = "GrpcGreeter", "GrpcGreeter\GrpcGreeter.csproj", "{284D63D7-5BCA-45E7-AFEA-2F90B1DCC2E6}"
EndProject
Global
	GlobalSection(SolutionConfigurationPlatforms) = preSolution
		Debug|Any CPU = Debug|Any CPU
		Release|Any CPU = Release|Any CPU
	EndGlobalSection
	GlobalSection(ProjectConfigurationPlatforms) = postSolution
		{284D63D7-5BCA-45E7-AFEA-2F90B1DCC2E6}.Debug|Any CPU.ActiveCfg = Debug|Any CPU
		{284D63D7-5BCA-45E7-AFEA-2F90B1DCC2E6}.Debug|Any CPU.Build.0 = Debug|Any CPU
		{284D63D7-5BCA-45E7-AFEA-2F90B1DCC2E6}.Release|Any CPU.ActiveCfg = Release|Any CPU
		{284D63D7-5BCA-45E7-AFEA-2F90B1DCC2E6}.Release|Any CPU.Build.0 = Release|Any CPU
	EndGlobalSection
	GlobalSection(SolutionProperties) = preSolution
		HideSolutionNode = FALSE
	EndGlobalSection
	GlobalSection(ExtensibilityGlobals) = postSolution
		SolutionGuid = {EF83AF8A-B7BF-4ABF-8FB9-D4F83405165D}
	EndGlobalSection
EndGlobal
